// !$*UTF8*$!
{
	archiveVersion = 1;
	classes = {
	};
	objectVersion = 46;
	objects = {

/* Begin PBXBuildFile section */
		785A76171F0B1AF700B46830 /* BaseViewController.swift in Sources */ = {isa = PBXBuildFile; fileRef = 785A76161F0B1AF700B46830 /* BaseViewController.swift */; };
		785A761A1F0B280900B46830 /* BannerViewController.swift in Sources */ = {isa = PBXBuildFile; fileRef = 785A76191F0B280900B46830 /* BannerViewController.swift */; };
		785A76221F0B326700B46830 /* ImageHelper.swift in Sources */ = {isa = PBXBuildFile; fileRef = 785A76201F0B326700B46830 /* ImageHelper.swift */; };
		785A76231F0B326700B46830 /* ImageVIewExtension.swift in Sources */ = {isa = PBXBuildFile; fileRef = 785A76211F0B326700B46830 /* ImageVIewExtension.swift */; };
		7863970D1F00EF7600AB25A7 /* MainViewController.swift in Sources */ = {isa = PBXBuildFile; fileRef = 7863970C1F00EF7600AB25A7 /* MainViewController.swift */; };
		7863970F1F00EF9000AB25A7 /* HomeViewController.swift in Sources */ = {isa = PBXBuildFile; fileRef = 7863970E1F00EF9000AB25A7 /* HomeViewController.swift */; };
		786397111F00EFAB00AB25A7 /* DiscoverViewController.swift in Sources */ = {isa = PBXBuildFile; fileRef = 786397101F00EFAB00AB25A7 /* DiscoverViewController.swift */; };
		786397131F00EFBF00AB25A7 /* MeViewController.swift in Sources */ = {isa = PBXBuildFile; fileRef = 786397121F00EFBF00AB25A7 /* MeViewController.swift */; };
		786397161F00EFF900AB25A7 /* MessageViewController.swift in Sources */ = {isa = PBXBuildFile; fileRef = 786397151F00EFF900AB25A7 /* MessageViewController.swift */; };
		786397181F0123CC00AB25A7 /* UIButton+Extension.swift in Sources */ = {isa = PBXBuildFile; fileRef = 786397171F0123CC00AB25A7 /* UIButton+Extension.swift */; };
		7863971A1F01258800AB25A7 /* NullViewController.swift in Sources */ = {isa = PBXBuildFile; fileRef = 786397191F01258800AB25A7 /* NullViewController.swift */; };
		7863971E1F020BB400AB25A7 /* VisitorView.swift in Sources */ = {isa = PBXBuildFile; fileRef = 7863971D1F020BB400AB25A7 /* VisitorView.swift */; };
		786397201F020BC600AB25A7 /* VisitorView.xib in Resources */ = {isa = PBXBuildFile; fileRef = 7863971F1F020BC600AB25A7 /* VisitorView.xib */; };
		78C1BBE71F00D5EC008807CC /* AppDelegate.swift in Sources */ = {isa = PBXBuildFile; fileRef = 78C1BBE61F00D5EC008807CC /* AppDelegate.swift */; };
		78C1BBEE1F00D5EC008807CC /* Assets.xcassets in Resources */ = {isa = PBXBuildFile; fileRef = 78C1BBED1F00D5EC008807CC /* Assets.xcassets */; };
		78C1BBFC1F00D5ED008807CC /* GUPicTests.swift in Sources */ = {isa = PBXBuildFile; fileRef = 78C1BBFB1F00D5ED008807CC /* GUPicTests.swift */; };
		78C1BC071F00D5ED008807CC /* GUPicUITests.swift in Sources */ = {isa = PBXBuildFile; fileRef = 78C1BC061F00D5ED008807CC /* GUPicUITests.swift */; };
/* End PBXBuildFile section */

/* Begin PBXContainerItemProxy section */
		78C1BBF81F00D5ED008807CC /* PBXContainerItemProxy */ = {
			isa = PBXContainerItemProxy;
			containerPortal = 78C1BBDB1F00D5EC008807CC /* Project object */;
			proxyType = 1;
			remoteGlobalIDString = 78C1BBE21F00D5EC008807CC;
			remoteInfo = GUPic;
		};
		78C1BC031F00D5ED008807CC /* PBXContainerItemProxy */ = {
			isa = PBXContainerItemProxy;
			containerPortal = 78C1BBDB1F00D5EC008807CC /* Project object */;
			proxyType = 1;
			remoteGlobalIDString = 78C1BBE21F00D5EC008807CC;
			remoteInfo = GUPic;
		};
/* End PBXContainerItemProxy section */

/* Begin PBXFileReference section */
		785A76161F0B1AF700B46830 /* BaseViewController.swift */ = {isa = PBXFileReference; fileEncoding = 4; lastKnownFileType = sourcecode.swift; path = BaseViewController.swift; sourceTree = "<group>"; };
		785A76191F0B280900B46830 /* BannerViewController.swift */ = {isa = PBXFileReference; fileEncoding = 4; lastKnownFileType = sourcecode.swift; path = BannerViewController.swift; sourceTree = "<group>"; };
		785A76201F0B326700B46830 /* ImageHelper.swift */ = {isa = PBXFileReference; fileEncoding = 4; lastKnownFileType = sourcecode.swift; path = ImageHelper.swift; sourceTree = "<group>"; };
		785A76211F0B326700B46830 /* ImageVIewExtension.swift */ = {isa = PBXFileReference; fileEncoding = 4; lastKnownFileType = sourcecode.swift; path = ImageVIewExtension.swift; sourceTree = "<group>"; };
		7863970C1F00EF7600AB25A7 /* MainViewController.swift */ = {isa = PBXFileReference; fileEncoding = 4; lastKnownFileType = sourcecode.swift; path = MainViewController.swift; sourceTree = "<group>"; };
		7863970E1F00EF9000AB25A7 /* HomeViewController.swift */ = {isa = PBXFileReference; fileEncoding = 4; lastKnownFileType = sourcecode.swift; path = HomeViewController.swift; sourceTree = "<group>"; };
		786397101F00EFAB00AB25A7 /* DiscoverViewController.swift */ = {isa = PBXFileReference; fileEncoding = 4; lastKnownFileType = sourcecode.swift; path = DiscoverViewController.swift; sourceTree = "<group>"; };
		786397121F00EFBF00AB25A7 /* MeViewController.swift */ = {isa = PBXFileReference; fileEncoding = 4; lastKnownFileType = sourcecode.swift; path = MeViewController.swift; sourceTree = "<group>"; };
		786397151F00EFF900AB25A7 /* MessageViewController.swift */ = {isa = PBXFileReference; fileEncoding = 4; lastKnownFileType = sourcecode.swift; path = MessageViewController.swift; sourceTree = "<group>"; };
		786397171F0123CC00AB25A7 /* UIButton+Extension.swift */ = {isa = PBXFileReference; fileEncoding = 4; lastKnownFileType = sourcecode.swift; path = "UIButton+Extension.swift"; sourceTree = "<group>"; };
		786397191F01258800AB25A7 /* NullViewController.swift */ = {isa = PBXFileReference; fileEncoding = 4; lastKnownFileType = sourcecode.swift; path = NullViewController.swift; sourceTree = "<group>"; };
		7863971D1F020BB400AB25A7 /* VisitorView.swift */ = {isa = PBXFileReference; fileEncoding = 4; lastKnownFileType = sourcecode.swift; path = VisitorView.swift; sourceTree = "<group>"; };
		7863971F1F020BC600AB25A7 /* VisitorView.xib */ = {isa = PBXFileReference; fileEncoding = 4; lastKnownFileType = file.xib; path = VisitorView.xib; sourceTree = "<group>"; };
		78C1BBE31F00D5EC008807CC /* GUPic.app */ = {isa = PBXFileReference; explicitFileType = wrapper.application; includeInIndex = 0; path = GUPic.app; sourceTree = BUILT_PRODUCTS_DIR; };
		78C1BBE61F00D5EC008807CC /* AppDelegate.swift */ = {isa = PBXFileReference; lastKnownFileType = sourcecode.swift; path = AppDelegate.swift; sourceTree = "<group>"; };
		78C1BBED1F00D5EC008807CC /* Assets.xcassets */ = {isa = PBXFileReference; lastKnownFileType = folder.assetcatalog; path = Assets.xcassets; sourceTree = "<group>"; };
		78C1BBF21F00D5ED008807CC /* Info.plist */ = {isa = PBXFileReference; lastKnownFileType = text.plist.xml; path = Info.plist; sourceTree = "<group>"; };
		78C1BBF71F00D5ED008807CC /* GUPicTests.xctest */ = {isa = PBXFileReference; explicitFileType = wrapper.cfbundle; includeInIndex = 0; path = GUPicTests.xctest; sourceTree = BUILT_PRODUCTS_DIR; };
		78C1BBFB1F00D5ED008807CC /* GUPicTests.swift */ = {isa = PBXFileReference; lastKnownFileType = sourcecode.swift; path = GUPicTests.swift; sourceTree = "<group>"; };
		78C1BBFD1F00D5ED008807CC /* Info.plist */ = {isa = PBXFileReference; lastKnownFileType = text.plist.xml; path = Info.plist; sourceTree = "<group>"; };
		78C1BC021F00D5ED008807CC /* GUPicUITests.xctest */ = {isa = PBXFileReference; explicitFileType = wrapper.cfbundle; includeInIndex = 0; path = GUPicUITests.xctest; sourceTree = BUILT_PRODUCTS_DIR; };
		78C1BC061F00D5ED008807CC /* GUPicUITests.swift */ = {isa = PBXFileReference; lastKnownFileType = sourcecode.swift; path = GUPicUITests.swift; sourceTree = "<group>"; };
		78C1BC081F00D5ED008807CC /* Info.plist */ = {isa = PBXFileReference; lastKnownFileType = text.plist.xml; path = Info.plist; sourceTree = "<group>"; };
/* End PBXFileReference section */

/* Begin PBXFrameworksBuildPhase section */
		78C1BBE01F00D5EC008807CC /* Frameworks */ = {
			isa = PBXFrameworksBuildPhase;
			buildActionMask = 2147483647;
			files = (
			);
			runOnlyForDeploymentPostprocessing = 0;
		};
		78C1BBF41F00D5ED008807CC /* Frameworks */ = {
			isa = PBXFrameworksBuildPhase;
			buildActionMask = 2147483647;
			files = (
			);
			runOnlyForDeploymentPostprocessing = 0;
		};
		78C1BBFF1F00D5ED008807CC /* Frameworks */ = {
			isa = PBXFrameworksBuildPhase;
			buildActionMask = 2147483647;
			files = (
			);
			runOnlyForDeploymentPostprocessing = 0;
		};
/* End PBXFrameworksBuildPhase section */

/* Begin PBXGroup section */
		785A76181F0B24E700B46830 /* Banner */ = {
			isa = PBXGroup;
			children = (
				785A76191F0B280900B46830 /* BannerViewController.swift */,
			);
			path = Banner;
			sourceTree = "<group>";
		};
		785A761B1F0B31EB00B46830 /* ImageHelper */ = {
			isa = PBXGroup;
			children = (
				785A76201F0B326700B46830 /* ImageHelper.swift */,
				785A76211F0B326700B46830 /* ImageVIewExtension.swift */,
			);
			path = ImageHelper;
			sourceTree = "<group>";
		};
		786397051F00EE6500AB25A7 /* Classes */ = {
			isa = PBXGroup;
			children = (
				786397141F00EFEB00AB25A7 /* Compose */,
				786397061F00EE6500AB25A7 /* Discover */,
				786397071F00EE6500AB25A7 /* Home */,
				786397081F00EE6500AB25A7 /* Main */,
				786397091F00EE6500AB25A7 /* Me */,
				7863970A1F00EE6500AB25A7 /* Message */,
				7863970B1F00EE6500AB25A7 /* Tools */,
			);
			path = Classes;
			sourceTree = "<group>";
		};
		786397061F00EE6500AB25A7 /* Discover */ = {
			isa = PBXGroup;
			children = (
				786397101F00EFAB00AB25A7 /* DiscoverViewController.swift */,
			);
			path = Discover;
			sourceTree = "<group>";
		};
		786397071F00EE6500AB25A7 /* Home */ = {
			isa = PBXGroup;
			children = (
				785A76181F0B24E700B46830 /* Banner */,
				7863970E1F00EF9000AB25A7 /* HomeViewController.swift */,
			);
			path = Home;
			sourceTree = "<group>";
		};
		786397081F00EE6500AB25A7 /* Main */ = {
			isa = PBXGroup;
			children = (
				785A76161F0B1AF700B46830 /* BaseViewController.swift */,
				7863970C1F00EF7600AB25A7 /* MainViewController.swift */,
				786397191F01258800AB25A7 /* NullViewController.swift */,
				7863971D1F020BB400AB25A7 /* VisitorView.swift */,
				7863971F1F020BC600AB25A7 /* VisitorView.xib */,
			);
			path = Main;
			sourceTree = "<group>";
		};
		786397091F00EE6500AB25A7 /* Me */ = {
			isa = PBXGroup;
			children = (
				786397121F00EFBF00AB25A7 /* MeViewController.swift */,
			);
			path = Me;
			sourceTree = "<group>";
		};
		7863970A1F00EE6500AB25A7 /* Message */ = {
			isa = PBXGroup;
			children = (
				786397151F00EFF900AB25A7 /* MessageViewController.swift */,
			);
			path = Message;
			sourceTree = "<group>";
		};
		7863970B1F00EE6500AB25A7 /* Tools */ = {
			isa = PBXGroup;
			children = (
				785A761B1F0B31EB00B46830 /* ImageHelper */,
				786397171F0123CC00AB25A7 /* UIButton+Extension.swift */,
			);
			path = Tools;
			sourceTree = "<group>";
		};
		786397141F00EFEB00AB25A7 /* Compose */ = {
			isa = PBXGroup;
			children = (
			);
			path = Compose;
			sourceTree = "<group>";
		};
		78C1BBDA1F00D5EC008807CC = {
			isa = PBXGroup;
			children = (
				78C1BBE51F00D5EC008807CC /* GUPic */,
				78C1BBFA1F00D5ED008807CC /* GUPicTests */,
				78C1BC051F00D5ED008807CC /* GUPicUITests */,
				78C1BBE41F00D5EC008807CC /* Products */,
			);
			sourceTree = "<group>";
		};
		78C1BBE41F00D5EC008807CC /* Products */ = {
			isa = PBXGroup;
			children = (
				78C1BBE31F00D5EC008807CC /* GUPic.app */,
				78C1BBF71F00D5ED008807CC /* GUPicTests.xctest */,
				78C1BC021F00D5ED008807CC /* GUPicUITests.xctest */,
			);
			name = Products;
			sourceTree = "<group>";
		};
		78C1BBE51F00D5EC008807CC /* GUPic */ = {
			isa = PBXGroup;
			children = (
				786397051F00EE6500AB25A7 /* Classes */,
				78C1BBE61F00D5EC008807CC /* AppDelegate.swift */,
				78C1BBED1F00D5EC008807CC /* Assets.xcassets */,
				78C1BBF21F00D5ED008807CC /* Info.plist */,
			);
			path = GUPic;
			sourceTree = "<group>";
		};
		78C1BBFA1F00D5ED008807CC /* GUPicTests */ = {
			isa = PBXGroup;
			children = (
				78C1BBFB1F00D5ED008807CC /* GUPicTests.swift */,
				78C1BBFD1F00D5ED008807CC /* Info.plist */,
			);
			path = GUPicTests;
			sourceTree = "<group>";
		};
		78C1BC051F00D5ED008807CC /* GUPicUITests */ = {
			isa = PBXGroup;
			children = (
				78C1BC061F00D5ED008807CC /* GUPicUITests.swift */,
				78C1BC081F00D5ED008807CC /* Info.plist */,
			);
			path = GUPicUITests;
			sourceTree = "<group>";
		};
/* End PBXGroup section */

/* Begin PBXNativeTarget section */
		78C1BBE21F00D5EC008807CC /* GUPic */ = {
			isa = PBXNativeTarget;
			buildConfigurationList = 78C1BC0B1F00D5ED008807CC /* Build configuration list for PBXNativeTarget "GUPic" */;
			buildPhases = (
				78C1BBDF1F00D5EC008807CC /* Sources */,
				78C1BBE01F00D5EC008807CC /* Frameworks */,
				78C1BBE11F00D5EC008807CC /* Resources */,
			);
			buildRules = (
			);
			dependencies = (
			);
			name = GUPic;
			productName = GUPic;
			productReference = 78C1BBE31F00D5EC008807CC /* GUPic.app */;
			productType = "com.apple.product-type.application";
		};
		78C1BBF61F00D5ED008807CC /* GUPicTests */ = {
			isa = PBXNativeTarget;
			buildConfigurationList = 78C1BC0E1F00D5ED008807CC /* Build configuration list for PBXNativeTarget "GUPicTests" */;
			buildPhases = (
				78C1BBF31F00D5ED008807CC /* Sources */,
				78C1BBF41F00D5ED008807CC /* Frameworks */,
				78C1BBF51F00D5ED008807CC /* Resources */,
			);
			buildRules = (
			);
			dependencies = (
				78C1BBF91F00D5ED008807CC /* PBXTargetDependency */,
			);
			name = GUPicTests;
			productName = GUPicTests;
			productReference = 78C1BBF71F00D5ED008807CC /* GUPicTests.xctest */;
			productType = "com.apple.product-type.bundle.unit-test";
		};
		78C1BC011F00D5ED008807CC /* GUPicUITests */ = {
			isa = PBXNativeTarget;
			buildConfigurationList = 78C1BC111F00D5ED008807CC /* Build configuration list for PBXNativeTarget "GUPicUITests" */;
			buildPhases = (
				78C1BBFE1F00D5ED008807CC /* Sources */,
				78C1BBFF1F00D5ED008807CC /* Frameworks */,
				78C1BC001F00D5ED008807CC /* Resources */,
			);
			buildRules = (
			);
			dependencies = (
				78C1BC041F00D5ED008807CC /* PBXTargetDependency */,
			);
			name = GUPicUITests;
			productName = GUPicUITests;
			productReference = 78C1BC021F00D5ED008807CC /* GUPicUITests.xctest */;
			productType = "com.apple.product-type.bundle.ui-testing";
		};
/* End PBXNativeTarget section */

/* Begin PBXProject section */
		78C1BBDB1F00D5EC008807CC /* Project object */ = {
			isa = PBXProject;
			attributes = {
				LastSwiftUpdateCheck = 0830;
				LastUpgradeCheck = 0830;
				ORGANIZATIONNAME = Recluse;
				TargetAttributes = {
					78C1BBE21F00D5EC008807CC = {
						CreatedOnToolsVersion = 8.3.3;
						ProvisioningStyle = Automatic;
					};
					78C1BBF61F00D5ED008807CC = {
						CreatedOnToolsVersion = 8.3.3;
						ProvisioningStyle = Automatic;
						TestTargetID = 78C1BBE21F00D5EC008807CC;
					};
					78C1BC011F00D5ED008807CC = {
						CreatedOnToolsVersion = 8.3.3;
						ProvisioningStyle = Automatic;
						TestTargetID = 78C1BBE21F00D5EC008807CC;
					};
				};
			};
			buildConfigurationList = 78C1BBDE1F00D5EC008807CC /* Build configuration list for PBXProject "GUPic" */;
			compatibilityVersion = "Xcode 3.2";
			developmentRegion = English;
			hasScannedForEncodings = 0;
			knownRegions = (
				en,
				Base,
			);
			mainGroup = 78C1BBDA1F00D5EC008807CC;
			productRefGroup = 78C1BBE41F00D5EC008807CC /* Products */;
			projectDirPath = "";
			projectRoot = "";
			targets = (
				78C1BBE21F00D5EC008807CC /* GUPic */,
				78C1BBF61F00D5ED008807CC /* GUPicTests */,
				78C1BC011F00D5ED008807CC /* GUPicUITests */,
			);
		};
/* End PBXProject section */

/* Begin PBXResourcesBuildPhase section */
		78C1BBE11F00D5EC008807CC /* Resources */ = {
			isa = PBXResourcesBuildPhase;
			buildActionMask = 2147483647;
			files = (
				78C1BBEE1F00D5EC008807CC /* Assets.xcassets in Resources */,
				786397201F020BC600AB25A7 /* VisitorView.xib in Resources */,
			);
			runOnlyForDeploymentPostprocessing = 0;
		};
		78C1BBF51F00D5ED008807CC /* Resources */ = {
			isa = PBXResourcesBuildPhase;
			buildActionMask = 2147483647;
			files = (
			);
			runOnlyForDeploymentPostprocessing = 0;
		};
		78C1BC001F00D5ED008807CC /* Resources */ = {
			isa = PBXResourcesBuildPhase;
			buildActionMask = 2147483647;
			files = (
			);
			runOnlyForDeploymentPostprocessing = 0;
		};
/* End PBXResourcesBuildPhase section */

/* Begin PBXSourcesBuildPhase section */
		78C1BBDF1F00D5EC008807CC /* Sources */ = {
			isa = PBXSourcesBuildPhase;
			buildActionMask = 2147483647;
			files = (
				7863970F1F00EF9000AB25A7 /* HomeViewController.swift in Sources */,
				785A76171F0B1AF700B46830 /* BaseViewController.swift in Sources */,
				786397131F00EFBF00AB25A7 /* MeViewController.swift in Sources */,
				78C1BBE71F00D5EC008807CC /* AppDelegate.swift in Sources */,
				786397111F00EFAB00AB25A7 /* DiscoverViewController.swift in Sources */,
				786397161F00EFF900AB25A7 /* MessageViewController.swift in Sources */,
				785A761A1F0B280900B46830 /* BannerViewController.swift in Sources */,
				7863971A1F01258800AB25A7 /* NullViewController.swift in Sources */,
				7863971E1F020BB400AB25A7 /* VisitorView.swift in Sources */,
				7863970D1F00EF7600AB25A7 /* MainViewController.swift in Sources */,
				786397181F0123CC00AB25A7 /* UIButton+Extension.swift in Sources */,
				785A76231F0B326700B46830 /* ImageVIewExtension.swift in Sources */,
				785A76221F0B326700B46830 /* ImageHelper.swift in Sources */,
			);
			runOnlyForDeploymentPostprocessing = 0;
		};
		78C1BBF31F00D5ED008807CC /* Sources */ = {
			isa = PBXSourcesBuildPhase;
			buildActionMask = 2147483647;
			files = (
				78C1BBFC1F00D5ED008807CC /* GUPicTests.swift in Sources */,
			);
			runOnlyForDeploymentPostprocessing = 0;
		};
		78C1BBFE1F00D5ED008807CC /* Sources */ = {
			isa = PBXSourcesBuildPhase;
			buildActionMask = 2147483647;
			files = (
				78C1BC071F00D5ED008807CC /* GUPicUITests.swift in Sources */,
			);
			runOnlyForDeploymentPostprocessing = 0;
		};
/* End PBXSourcesBuildPhase section */

/* Begin PBXTargetDependency section */
		78C1BBF91F00D5ED008807CC /* PBXTargetDependency */ = {
			isa = PBXTargetDependency;
			target = 78C1BBE21F00D5EC008807CC /* GUPic */;
			targetProxy = 78C1BBF81F00D5ED008807CC /* PBXContainerItemProxy */;
		};
		78C1BC041F00D5ED008807CC /* PBXTargetDependency */ = {
			isa = PBXTargetDependency;
			target = 78C1BBE21F00D5EC008807CC /* GUPic */;
			targetProxy = 78C1BC031F00D5ED008807CC /* PBXContainerItemProxy */;
		};
/* End PBXTargetDependency section */

/* Begin XCBuildConfiguration section */
		78C1BC091F00D5ED008807CC /* Debug */ = {
			isa = XCBuildConfiguration;
			buildSettings = {
				ALWAYS_SEARCH_USER_PATHS = NO;
				CLANG_ANALYZER_NONNULL = YES;
				CLANG_ANALYZER_NUMBER_OBJECT_CONVERSION = YES_AGGRESSIVE;
				CLANG_CXX_LANGUAGE_STANDARD = "gnu++0x";
				CLANG_CXX_LIBRARY = "libc++";
				CLANG_ENABLE_MODULES = YES;
				CLANG_ENABLE_OBJC_ARC = YES;
				CLANG_WARN_BOOL_CONVERSION = YES;
				CLANG_WARN_CONSTANT_CONVERSION = YES;
				CLANG_WARN_DIRECT_OBJC_ISA_USAGE = YES_ERROR;
				CLANG_WARN_DOCUMENTATION_COMMENTS = YES;
				CLANG_WARN_EMPTY_BODY = YES;
				CLANG_WARN_ENUM_CONVERSION = YES;
				CLANG_WARN_INFINITE_RECURSION = YES;
				CLANG_WARN_INT_CONVERSION = YES;
				CLANG_WARN_OBJC_ROOT_CLASS = YES_ERROR;
				CLANG_WARN_SUSPICIOUS_MOVE = YES;
				CLANG_WARN_UNREACHABLE_CODE = YES;
				CLANG_WARN__DUPLICATE_METHOD_MATCH = YES;
				"CODE_SIGN_IDENTITY[sdk=iphoneos*]" = "iPhone Developer";
				COPY_PHASE_STRIP = NO;
				DEBUG_INFORMATION_FORMAT = dwarf;
				ENABLE_STRICT_OBJC_MSGSEND = YES;
				ENABLE_TESTABILITY = YES;
				GCC_C_LANGUAGE_STANDARD = gnu99;
				GCC_DYNAMIC_NO_PIC = NO;
				GCC_NO_COMMON_BLOCKS = YES;
				GCC_OPTIMIZATION_LEVEL = 0;
				GCC_PREPROCESSOR_DEFINITIONS = (
					"DEBUG=1",
					"$(inherited)",
				);
				GCC_WARN_64_TO_32_BIT_CONVERSION = YES;
				GCC_WARN_ABOUT_RETURN_TYPE = YES_ERROR;
				GCC_WARN_UNDECLARED_SELECTOR = YES;
				GCC_WARN_UNINITIALIZED_AUTOS = YES_AGGRESSIVE;
				GCC_WARN_UNUSED_FUNCTION = YES;
				GCC_WARN_UNUSED_VARIABLE = YES;
				IPHONEOS_DEPLOYMENT_TARGET = 10.3;
				MTL_ENABLE_DEBUG_INFO = YES;
				ONLY_ACTIVE_ARCH = YES;
				SDKROOT = iphoneos;
				SWIFT_ACTIVE_COMPILATION_CONDITIONS = DEBUG;
				SWIFT_OPTIMIZATION_LEVEL = "-Onone";
			};
			name = Debug;
		};
		78C1BC0A1F00D5ED008807CC /* Release */ = {
			isa = XCBuildConfiguration;
			buildSettings = {
				ALWAYS_SEARCH_USER_PATHS = NO;
				CLANG_ANALYZER_NONNULL = YES;
				CLANG_ANALYZER_NUMBER_OBJECT_CONVERSION = YES_AGGRESSIVE;
				CLANG_CXX_LANGUAGE_STANDARD = "gnu++0x";
				CLANG_CXX_LIBRARY = "libc++";
				CLANG_ENABLE_MODULES = YES;
				CLANG_ENABLE_OBJC_ARC = YES;
				CLANG_WARN_BOOL_CONVERSION = YES;
				CLANG_WARN_CONSTANT_CONVERSION = YES;
				CLANG_WARN_DIRECT_OBJC_ISA_USAGE = YES_ERROR;
				CLANG_WARN_DOCUMENTATION_COMMENTS = YES;
				CLANG_WARN_EMPTY_BODY = YES;
				CLANG_WARN_ENUM_CONVERSION = YES;
				CLANG_WARN_INFINITE_RECURSION = YES;
				CLANG_WARN_INT_CONVERSION = YES;
				CLANG_WARN_OBJC_ROOT_CLASS = YES_ERROR;
				CLANG_WARN_SUSPICIOUS_MOVE = YES;
				CLANG_WARN_UNREACHABLE_CODE = YES;
				CLANG_WARN__DUPLICATE_METHOD_MATCH = YES;
				"CODE_SIGN_IDENTITY[sdk=iphoneos*]" = "iPhone Developer";
				COPY_PHASE_STRIP = NO;
				DEBUG_INFORMATION_FORMAT = "dwarf-with-dsym";
				ENABLE_NS_ASSERTIONS = NO;
				ENABLE_STRICT_OBJC_MSGSEND = YES;
				GCC_C_LANGUAGE_STANDARD = gnu99;
				GCC_NO_COMMON_BLOCKS = YES;
				GCC_WARN_64_TO_32_BIT_CONVERSION = YES;
				GCC_WARN_ABOUT_RETURN_TYPE = YES_ERROR;
				GCC_WARN_UNDECLARED_SELECTOR = YES;
				GCC_WARN_UNINITIALIZED_AUTOS = YES_AGGRESSIVE;
				GCC_WARN_UNUSED_FUNCTION = YES;
				GCC_WARN_UNUSED_VARIABLE = YES;
				IPHONEOS_DEPLOYMENT_TARGET = 10.3;
				MTL_ENABLE_DEBUG_INFO = NO;
				SDKROOT = iphoneos;
				SWIFT_OPTIMIZATION_LEVEL = "-Owholemodule";
				VALIDATE_PRODUCT = YES;
			};
			name = Release;
		};
		78C1BC0C1F00D5ED008807CC /* Debug */ = {
			isa = XCBuildConfiguration;
			buildSettings = {
				ASSETCATALOG_COMPILER_APPICON_NAME = AppIcon;
				ASSETCATALOG_COMPILER_LAUNCHIMAGE_NAME = LaunchImage;
				"CODE_SIGN_IDENTITY[sdk=iphoneos*]" = "iPhone Developer";
				DEVELOPMENT_TEAM = "";
				INFOPLIST_FILE = GUPic/Info.plist;
				IPHONEOS_DEPLOYMENT_TARGET = 8.0;
				LD_RUNPATH_SEARCH_PATHS = "$(inherited) @executable_path/Frameworks";
				OTHER_SWIFT_FLAGS = "-D DEBUG";
				PRODUCT_BUNDLE_IDENTIFIER = com.ZJUT.GYL.GUPic;
				PRODUCT_NAME = "$(TARGET_NAME)";
				PROVISIONING_PROFILE_SPECIFIER = "";
				SWIFT_VERSION = 3.0;
			};
			name = Debug;
		};
		78C1BC0D1F00D5ED008807CC /* Release */ = {
			isa = XCBuildConfiguration;
			buildSettings = {
				ASSETCATALOG_COMPILER_APPICON_NAME = AppIcon;
				ASSETCATALOG_COMPILER_LAUNCHIMAGE_NAME = LaunchImage;
				"CODE_SIGN_IDENTITY[sdk=iphoneos*]" = "iPhone Developer";
				DEVELOPMENT_TEAM = "";
				INFOPLIST_FILE = GUPic/Info.plist;
				IPHONEOS_DEPLOYMENT_TARGET = 8.0;
				LD_RUNPATH_SEARCH_PATHS = "$(inherited) @executable_path/Frameworks";
				PRODUCT_BUNDLE_IDENTIFIER = com.ZJUT.GYL.GUPic;
				PRODUCT_NAME = "$(TARGET_NAME)";
				PROVISIONING_PROFILE_SPECIFIER = "";
				SWIFT_VERSION = 3.0;
			};
			name = Release;
		};
		78C1BC0F1F00D5ED008807CC /* Debug */ = {
			isa = XCBuildConfiguration;
			buildSettings = {
				ALWAYS_EMBED_SWIFT_STANDARD_LIBRARIES = YES;
				BUNDLE_LOADER = "$(TEST_HOST)";
				INFOPLIST_FILE = GUPicTests/Info.plist;
				LD_RUNPATH_SEARCH_PATHS = "$(inherited) @executable_path/Frameworks @loader_path/Frameworks";
				PRODUCT_BUNDLE_IDENTIFIER = com.ZJUT.GYL.GUPicTests;
				PRODUCT_NAME = "$(TARGET_NAME)";
				SWIFT_VERSION = 3.0;
				TEST_HOST = "$(BUILT_PRODUCTS_DIR)/GUPic.app/GUPic";
			};
			name = Debug;
		};
		78C1BC101F00D5ED008807CC /* Release */ = {
			isa = XCBuildConfiguration;
			buildSettings = {
				ALWAYS_EMBED_SWIFT_STANDARD_LIBRARIES = YES;
				BUNDLE_LOADER = "$(TEST_HOST)";
				INFOPLIST_FILE = GUPicTests/Info.plist;
				LD_RUNPATH_SEARCH_PATHS = "$(inherited) @executable_path/Frameworks @loader_path/Frameworks";
				PRODUCT_BUNDLE_IDENTIFIER = com.ZJUT.GYL.GUPicTests;
				PRODUCT_NAME = "$(TARGET_NAME)";
				SWIFT_VERSION = 3.0;
				TEST_HOST = "$(BUILT_PRODUCTS_DIR)/GUPic.app/GUPic";
			};
			name = Release;
		};
		78C1BC121F00D5ED008807CC /* Debug */ = {
			isa = XCBuildConfiguration;
			buildSettings = {
				ALWAYS_EMBED_SWIFT_STANDARD_LIBRARIES = YES;
				INFOPLIST_FILE = GUPicUITests/Info.plist;
				LD_RUNPATH_SEARCH_PATHS = "$(inherited) @executable_path/Frameworks @loader_path/Frameworks";
				PRODUCT_BUNDLE_IDENTIFIER = com.ZJUT.GYL.GUPicUITests;
				PRODUCT_NAME = "$(TARGET_NAME)";
				SWIFT_VERSION = 3.0;
				TEST_TARGET_NAME = GUPic;
			};
			name = Debug;
		};
		78C1BC131F00D5ED008807CC /* Release */ = {
			isa = XCBuildConfiguration;
			buildSettings = {
				ALWAYS_EMBED_SWIFT_STANDARD_LIBRARIES = YES;
				INFOPLIST_FILE = GUPicUITests/Info.plist;
				LD_RUNPATH_SEARCH_PATHS = "$(inherited) @executable_path/Frameworks @loader_path/Frameworks";
				PRODUCT_BUNDLE_IDENTIFIER = com.ZJUT.GYL.GUPicUITests;
				PRODUCT_NAME = "$(TARGET_NAME)";
				SWIFT_VERSION = 3.0;
				TEST_TARGET_NAME = GUPic;
			};
			name = Release;
		};
/* End XCBuildConfiguration section */

/* Begin XCConfigurationList section */
		78C1BBDE1F00D5EC008807CC /* Build configuration list for PBXProject "GUPic" */ = {
			isa = XCConfigurationList;
			buildConfigurations = (
				78C1BC091F00D5ED008807CC /* Debug */,
				78C1BC0A1F00D5ED008807CC /* Release */,
			);
			defaultConfigurationIsVisible = 0;
			defaultConfigurationName = Release;
		};
		78C1BC0B1F00D5ED008807CC /* Build configuration list for PBXNativeTarget "GUPic" */ = {
			isa = XCConfigurationList;
			buildConfigurations = (
				78C1BC0C1F00D5ED008807CC /* Debug */,
				78C1BC0D1F00D5ED008807CC /* Release */,
			);
			defaultConfigurationIsVisible = 0;
			defaultConfigurationName = Release;
		};
		78C1BC0E1F00D5ED008807CC /* Build configuration list for PBXNativeTarget "GUPicTests" */ = {
			isa = XCConfigurationList;
			buildConfigurations = (
				78C1BC0F1F00D5ED008807CC /* Debug */,
				78C1BC101F00D5ED008807CC /* Release */,
			);
			defaultConfigurationIsVisible = 0;
			defaultConfigurationName = Release;
		};
		78C1BC111F00D5ED008807CC /* Build configuration list for PBXNativeTarget "GUPicUITests" */ = {
			isa = XCConfigurationList;
			buildConfigurations = (
				78C1BC121F00D5ED008807CC /* Debug */,
				78C1BC131F00D5ED008807CC /* Release */,
			);
			defaultConfigurationIsVisible = 0;
			defaultConfigurationName = Release;
		};
/* End XCConfigurationList section */
	};
	rootObject = 78C1BBDB1F00D5EC008807CC /* Project object */;
}
